// !$*UTF8*$!
{
	archiveVersion = 1;
	classes = {
	};
	objectVersion = 56;
	objects = {

/* Begin PBXBuildFile section */
		CA352DFB2C4793DD0058AB23 /* AppDelegate.swift in Sources */ = {isa = PBXBuildFile; fileRef = CA352DFA2C4793DD0058AB23 /* AppDelegate.swift */; };
		CA352DFD2C4793DD0058AB23 /* SceneDelegate.swift in Sources */ = {isa = PBXBuildFile; fileRef = CA352DFC2C4793DD0058AB23 /* SceneDelegate.swift */; };
		CA352DFF2C4793DD0058AB23 /* ViewController.swift in Sources */ = {isa = PBXBuildFile; fileRef = CA352DFE2C4793DD0058AB23 /* ViewController.swift */; };
		CA352E052C4793DD0058AB23 /* contactsApp3.xcdatamodeld in Sources */ = {isa = PBXBuildFile; fileRef = CA352E032C4793DD0058AB23 /* contactsApp3.xcdatamodeld */; };
		CA352E072C4793DE0058AB23 /* Assets.xcassets in Resources */ = {isa = PBXBuildFile; fileRef = CA352E062C4793DE0058AB23 /* Assets.xcassets */; };
		CA352E0A2C4793DE0058AB23 /* Base in Resources */ = {isa = PBXBuildFile; fileRef = CA352E092C4793DE0058AB23 /* Base */; };
		CA352E122C479F680058AB23 /* PhoneBookViewController.swift in Sources */ = {isa = PBXBuildFile; fileRef = CA352E112C479F680058AB23 /* PhoneBookViewController.swift */; };
		CA352E152C47A68A0058AB23 /* appControlModel.swift in Sources */ = {isa = PBXBuildFile; fileRef = CA352E142C47A68A0058AB23 /* appControlModel.swift */; };
		CA352E172C47A6A70058AB23 /* UserDefaults Helper.swift in Sources */ = {isa = PBXBuildFile; fileRef = CA352E162C47A6A70058AB23 /* UserDefaults Helper.swift */; };
		CA352E1C2C47ABA20058AB23 /* Core Data Helper.swift in Sources */ = {isa = PBXBuildFile; fileRef = CA352E1B2C47ABA20058AB23 /* Core Data Helper.swift */; };
/* End PBXBuildFile section */

/* Begin PBXFileReference section */
		CA352DF72C4793DD0058AB23 /* contactsApp3.app */ = {isa = PBXFileReference; explicitFileType = wrapper.application; includeInIndex = 0; path = contactsApp3.app; sourceTree = BUILT_PRODUCTS_DIR; };
		CA352DFA2C4793DD0058AB23 /* AppDelegate.swift */ = {isa = PBXFileReference; lastKnownFileType = sourcecode.swift; path = AppDelegate.swift; sourceTree = "<group>"; };
		CA352DFC2C4793DD0058AB23 /* SceneDelegate.swift */ = {isa = PBXFileReference; lastKnownFileType = sourcecode.swift; path = SceneDelegate.swift; sourceTree = "<group>"; };
		CA352DFE2C4793DD0058AB23 /* ViewController.swift */ = {isa = PBXFileReference; lastKnownFileType = sourcecode.swift; path = ViewController.swift; sourceTree = "<group>"; };
		CA352E042C4793DD0058AB23 /* contactsApp3.xcdatamodel */ = {isa = PBXFileReference; lastKnownFileType = wrapper.xcdatamodel; path = contactsApp3.xcdatamodel; sourceTree = "<group>"; };
		CA352E062C4793DE0058AB23 /* Assets.xcassets */ = {isa = PBXFileReference; lastKnownFileType = folder.assetcatalog; path = Assets.xcassets; sourceTree = "<group>"; };
		CA352E092C4793DE0058AB23 /* Base */ = {isa = PBXFileReference; lastKnownFileType = file.storyboard; name = Base; path = Base.lproj/LaunchScreen.storyboard; sourceTree = "<group>"; };
		CA352E0B2C4793DE0058AB23 /* Info.plist */ = {isa = PBXFileReference; lastKnownFileType = text.plist.xml; path = Info.plist; sourceTree = "<group>"; };
		CA352E112C479F680058AB23 /* PhoneBookViewController.swift */ = {isa = PBXFileReference; lastKnownFileType = sourcecode.swift; path = PhoneBookViewController.swift; sourceTree = "<group>"; };
		CA352E142C47A68A0058AB23 /* appControlModel.swift */ = {isa = PBXFileReference; lastKnownFileType = sourcecode.swift; path = appControlModel.swift; sourceTree = "<group>"; };
		CA352E162C47A6A70058AB23 /* UserDefaults Helper.swift */ = {isa = PBXFileReference; lastKnownFileType = sourcecode.swift; path = "UserDefaults Helper.swift"; sourceTree = "<group>"; };
		CA352E1B2C47ABA20058AB23 /* Core Data Helper.swift */ = {isa = PBXFileReference; lastKnownFileType = sourcecode.swift; path = "Core Data Helper.swift"; sourceTree = "<group>"; };
/* End PBXFileReference section */

/* Begin PBXFrameworksBuildPhase section */
		CA352DF42C4793DD0058AB23 /* Frameworks */ = {
			isa = PBXFrameworksBuildPhase;
			buildActionMask = 2147483647;
			files = (
			);
			runOnlyForDeploymentPostprocessing = 0;
		};
/* End PBXFrameworksBuildPhase section */

/* Begin PBXGroup section */
		CA352DEE2C4793DD0058AB23 = {
			isa = PBXGroup;
			children = (
				CA352E132C47A6780058AB23 /* New Group */,
				CA352DF92C4793DD0058AB23 /* contactsApp3 */,
				CA352DF82C4793DD0058AB23 /* Products */,
			);
			sourceTree = "<group>";
		};
		CA352DF82C4793DD0058AB23 /* Products */ = {
			isa = PBXGroup;
			children = (
				CA352DF72C4793DD0058AB23 /* contactsApp3.app */,
			);
			name = Products;
			sourceTree = "<group>";
		};
		CA352DF92C4793DD0058AB23 /* contactsApp3 */ = {
			isa = PBXGroup;
			children = (
				CA352DFA2C4793DD0058AB23 /* AppDelegate.swift */,
				CA352DFC2C4793DD0058AB23 /* SceneDelegate.swift */,
				CA352DFE2C4793DD0058AB23 /* ViewController.swift */,
				CA352E062C4793DE0058AB23 /* Assets.xcassets */,
				CA352E082C4793DE0058AB23 /* LaunchScreen.storyboard */,
				CA352E0B2C4793DE0058AB23 /* Info.plist */,
				CA352E032C4793DD0058AB23 /* contactsApp3.xcdatamodeld */,
			);
			path = contactsApp3;
			sourceTree = "<group>";
		};
		CA352E132C47A6780058AB23 /* New Group */ = {
			isa = PBXGroup;
			children = (
				CA352E112C479F680058AB23 /* PhoneBookViewController.swift */,
				CA352E142C47A68A0058AB23 /* appControlModel.swift */,
				CA352E162C47A6A70058AB23 /* UserDefaults Helper.swift */,
				CA352E1B2C47ABA20058AB23 /* Core Data Helper.swift */,
			);
			path = "New Group";
			sourceTree = "<group>";
		};
/* End PBXGroup section */

/* Begin PBXNativeTarget section */
		CA352DF62C4793DD0058AB23 /* contactsApp3 */ = {
			isa = PBXNativeTarget;
			buildConfigurationList = CA352E0E2C4793DE0058AB23 /* Build configuration list for PBXNativeTarget "contactsApp3" */;
			buildPhases = (
				CA352DF32C4793DD0058AB23 /* Sources */,
				CA352DF42C4793DD0058AB23 /* Frameworks */,
				CA352DF52C4793DD0058AB23 /* Resources */,
			);
			buildRules = (
			);
			dependencies = (
			);
			name = contactsApp3;
			productName = contactsApp3;
			productReference = CA352DF72C4793DD0058AB23 /* contactsApp3.app */;
			productType = "com.apple.product-type.application";
		};
/* End PBXNativeTarget section */

/* Begin PBXProject section */
		CA352DEF2C4793DD0058AB23 /* Project object */ = {
			isa = PBXProject;
			attributes = {
				BuildIndependentTargetsInParallel = 1;
				LastSwiftUpdateCheck = 1540;
				LastUpgradeCheck = 1540;
				TargetAttributes = {
					CA352DF62C4793DD0058AB23 = {
						CreatedOnToolsVersion = 15.4;
					};
				};
			};
			buildConfigurationList = CA352DF22C4793DD0058AB23 /* Build configuration list for PBXProject "contactsApp3" */;
			compatibilityVersion = "Xcode 14.0";
			developmentRegion = en;
			hasScannedForEncodings = 0;
			knownRegions = (
				en,
				Base,
			);
			mainGroup = CA352DEE2C4793DD0058AB23;
			productRefGroup = CA352DF82C4793DD0058AB23 /* Products */;
			projectDirPath = "";
			projectRoot = "";
			targets = (
				CA352DF62C4793DD0058AB23 /* contactsApp3 */,
			);
		};
/* End PBXProject section */

/* Begin PBXResourcesBuildPhase section */
		CA352DF52C4793DD0058AB23 /* Resources */ = {
			isa = PBXResourcesBuildPhase;
			buildActionMask = 2147483647;
			files = (
				CA352E072C4793DE0058AB23 /* Assets.xcassets in Resources */,
				CA352E0A2C4793DE0058AB23 /* Base in Resources */,
			);
			runOnlyForDeploymentPostprocessing = 0;
		};
/* End PBXResourcesBuildPhase section */

/* Begin PBXSourcesBuildPhase section */
		CA352DF32C4793DD0058AB23 /* Sources */ = {
			isa = PBXSourcesBuildPhase;
			buildActionMask = 2147483647;
			files = (
				CA352E052C4793DD0058AB23 /* contactsApp3.xcdatamodeld in Sources */,
				CA352E1C2C47ABA20058AB23 /* Core Data Helper.swift in Sources */,
				CA352E152C47A68A0058AB23 /* appControlModel.swift in Sources */,
				CA352DFF2C4793DD0058AB23 /* ViewController.swift in Sources */,
				CA352DFB2C4793DD0058AB23 /* AppDelegate.swift in Sources */,
				CA352E172C47A6A70058AB23 /* UserDefaults Helper.swift in Sources */,
				CA352DFD2C4793DD0058AB23 /* SceneDelegate.swift in Sources */,
				CA352E122C479F680058AB23 /* PhoneBookViewController.swift in Sources */,
			);
			runOnlyForDeploymentPostprocessing = 0;
		};
/* End PBXSourcesBuildPhase section */

/* Begin PBXVariantGroup section */
		CA352E082C4793DE0058AB23 /* LaunchScreen.storyboard */ = {
			isa = PBXVariantGroup;
			children = (
				CA352E092C4793DE0058AB23 /* Base */,
			);
			name = LaunchScreen.storyboard;
			sourceTree = "<group>";
		};
/* End PBXVariantGroup section */

/* Begin XCBuildConfiguration section */
		CA352E0C2C4793DE0058AB23 /* Debug */ = {
			isa = XCBuildConfiguration;
			buildSettings = {
				ALWAYS_SEARCH_USER_PATHS = NO;
				ASSETCATALOG_COMPILER_GENERATE_SWIFT_ASSET_SYMBOL_EXTENSIONS = YES;
				CLANG_ANALYZER_NONNULL = YES;
				CLANG_ANALYZER_NUMBER_OBJECT_CONVERSION = YES_AGGRESSIVE;
				CLANG_CXX_LANGUAGE_STANDARD = "gnu++20";
				CLANG_ENABLE_MODULES = YES;
				CLANG_ENABLE_OBJC_ARC = YES;
				CLANG_ENABLE_OBJC_WEAK = YES;
				CLANG_WARN_BLOCK_CAPTURE_AUTORELEASING = YES;
				CLANG_WARN_BOOL_CONVERSION = YES;
				CLANG_WARN_COMMA = YES;
				CLANG_WARN_CONSTANT_CONVERSION = YES;
				CLANG_WARN_DEPRECATED_OBJC_IMPLEMENTATIONS = YES;
				CLANG_WARN_DIRECT_OBJC_ISA_USAGE = YES_ERROR;
				CLANG_WARN_DOCUMENTATION_COMMENTS = YES;
				CLANG_WARN_EMPTY_BODY = YES;
				CLANG_WARN_ENUM_CONVERSION = YES;
				CLANG_WARN_INFINITE_RECURSION = YES;
				CLANG_WARN_INT_CONVERSION = YES;
				CLANG_WARN_NON_LITERAL_NULL_CONVERSION = YES;
				CLANG_WARN_OBJC_IMPLICIT_RETAIN_SELF = YES;
				CLANG_WARN_OBJC_LITERAL_CONVERSION = YES;
				CLANG_WARN_OBJC_ROOT_CLASS = YES_ERROR;
				CLANG_WARN_QUOTED_INCLUDE_IN_FRAMEWORK_HEADER = YES;
				CLANG_WARN_RANGE_LOOP_ANALYSIS = YES;
				CLANG_WARN_STRICT_PROTOTYPES = YES;
				CLANG_WARN_SUSPICIOUS_MOVE = YES;
				CLANG_WARN_UNGUARDED_AVAILABILITY = YES_AGGRESSIVE;
				CLANG_WARN_UNREACHABLE_CODE = YES;
				CLANG_WARN__DUPLICATE_METHOD_MATCH = YES;
				COPY_PHASE_STRIP = NO;
				DEBUG_INFORMATION_FORMAT = dwarf;
				ENABLE_STRICT_OBJC_MSGSEND = YES;
				ENABLE_TESTABILITY = YES;
				ENABLE_USER_SCRIPT_SANDBOXING = YES;
				GCC_C_LANGUAGE_STANDARD = gnu17;
				GCC_DYNAMIC_NO_PIC = NO;
				GCC_NO_COMMON_BLOCKS = YES;
				GCC_OPTIMIZATION_LEVEL = 0;
				GCC_PREPROCESSOR_DEFINITIONS = (
					"DEBUG=1",
					"$(inherited)",
				);
				GCC_WARN_64_TO_32_BIT_CONVERSION = YES;
				GCC_WARN_ABOUT_RETURN_TYPE = YES_ERROR;
				GCC_WARN_UNDECLARED_SELECTOR = YES;
				GCC_WARN_UNINITIALIZED_AUTOS = YES_AGGRESSIVE;
				GCC_WARN_UNUSED_FUNCTION = YES;
				GCC_WARN_UNUSED_VARIABLE = YES;
				IPHONEOS_DEPLOYMENT_TARGET = 17.5;
				LOCALIZATION_PREFERS_STRING_CATALOGS = YES;
				MTL_ENABLE_DEBUG_INFO = INCLUDE_SOURCE;
				MTL_FAST_MATH = YES;
				ONLY_ACTIVE_ARCH = YES;
				SDKROOT = iphoneos;
				SWIFT_ACTIVE_COMPILATION_CONDITIONS = "DEBUG $(inherited)";
				SWIFT_OPTIMIZATION_LEVEL = "-Onone";
			};
			name = Debug;
		};
		CA352E0D2C4793DE0058AB23 /* Release */ = {
			isa = XCBuildConfiguration;
			buildSettings = {
				ALWAYS_SEARCH_USER_PATHS = NO;
				ASSETCATALOG_COMPILER_GENERATE_SWIFT_ASSET_SYMBOL_EXTENSIONS = YES;
				CLANG_ANALYZER_NONNULL = YES;
				CLANG_ANALYZER_NUMBER_OBJECT_CONVERSION = YES_AGGRESSIVE;
				CLANG_CXX_LANGUAGE_STANDARD = "gnu++20";
				CLANG_ENABLE_MODULES = YES;
				CLANG_ENABLE_OBJC_ARC = YES;
				CLANG_ENABLE_OBJC_WEAK = YES;
				CLANG_WARN_BLOCK_CAPTURE_AUTORELEASING = YES;
				CLANG_WARN_BOOL_CONVERSION = YES;
				CLANG_WARN_COMMA = YES;
				CLANG_WARN_CONSTANT_CONVERSION = YES;
				CLANG_WARN_DEPRECATED_OBJC_IMPLEMENTATIONS = YES;
				CLANG_WARN_DIRECT_OBJC_ISA_USAGE = YES_ERROR;
				CLANG_WARN_DOCUMENTATION_COMMENTS = YES;
				CLANG_WARN_EMPTY_BODY = YES;
				CLANG_WARN_ENUM_CONVERSION = YES;
				CLANG_WARN_INFINITE_RECURSION = YES;
				CLANG_WARN_INT_CONVERSION = YES;
				CLANG_WARN_NON_LITERAL_NULL_CONVERSION = YES;
				CLANG_WARN_OBJC_IMPLICIT_RETAIN_SELF = YES;
				CLANG_WARN_OBJC_LITERAL_CONVERSION = YES;
				CLANG_WARN_OBJC_ROOT_CLASS = YES_ERROR;
				CLANG_WARN_QUOTED_INCLUDE_IN_FRAMEWORK_HEADER = YES;
				CLANG_WARN_RANGE_LOOP_ANALYSIS = YES;
				CLANG_WARN_STRICT_PROTOTYPES = YES;
				CLANG_WARN_SUSPICIOUS_MOVE = YES;
				CLANG_WARN_UNGUARDED_AVAILABILITY = YES_AGGRESSIVE;
				CLANG_WARN_UNREACHABLE_CODE = YES;
				CLANG_WARN__DUPLICATE_METHOD_MATCH = YES;
				COPY_PHASE_STRIP = NO;
				DEBUG_INFORMATION_FORMAT = "dwarf-with-dsym";
				ENABLE_NS_ASSERTIONS = NO;
				ENABLE_STRICT_OBJC_MSGSEND = YES;
				ENABLE_USER_SCRIPT_SANDBOXING = YES;
				GCC_C_LANGUAGE_STANDARD = gnu17;
				GCC_NO_COMMON_BLOCKS = YES;
				GCC_WARN_64_TO_32_BIT_CONVERSION = YES;
				GCC_WARN_ABOUT_RETURN_TYPE = YES_ERROR;
				GCC_WARN_UNDECLARED_SELECTOR = YES;
				GCC_WARN_UNINITIALIZED_AUTOS = YES_AGGRESSIVE;
				GCC_WARN_UNUSED_FUNCTION = YES;
				GCC_WARN_UNUSED_VARIABLE = YES;
				IPHONEOS_DEPLOYMENT_TARGET = 17.5;
				LOCALIZATION_PREFERS_STRING_CATALOGS = YES;
				MTL_ENABLE_DEBUG_INFO = NO;
				MTL_FAST_MATH = YES;
				SDKROOT = iphoneos;
				SWIFT_COMPILATION_MODE = wholemodule;
				VALIDATE_PRODUCT = YES;
			};
			name = Release;
		};
		CA352E0F2C4793DE0058AB23 /* Debug */ = {
			isa = XCBuildConfiguration;
			buildSettings = {
				ASSETCATALOG_COMPILER_APPICON_NAME = AppIcon;
				ASSETCATALOG_COMPILER_GLOBAL_ACCENT_COLOR_NAME = AccentColor;
				CODE_SIGN_STYLE = Automatic;
				CURRENT_PROJECT_VERSION = 1;
				GENERATE_INFOPLIST_FILE = YES;
				INFOPLIST_FILE = contactsApp3/Info.plist;
				INFOPLIST_KEY_UIApplicationSupportsIndirectInputEvents = YES;
				INFOPLIST_KEY_UILaunchStoryboardName = LaunchScreen;
				INFOPLIST_KEY_UISupportedInterfaceOrientations_iPad = "UIInterfaceOrientationPortrait UIInterfaceOrientationPortraitUpsideDown UIInterfaceOrientationLandscapeLeft UIInterfaceOrientationLandscapeRight";
				INFOPLIST_KEY_UISupportedInterfaceOrientations_iPhone = "UIInterfaceOrientationPortrait UIInterfaceOrientationLandscapeLeft UIInterfaceOrientationLandscapeRight";
				LD_RUNPATH_SEARCH_PATHS = (
					"$(inherited)",
					"@executable_path/Frameworks",
				);
				MARKETING_VERSION = 1.0;
				PRODUCT_BUNDLE_IDENTIFIER = com.Inu.contactsApp3;
				PRODUCT_NAME = "$(TARGET_NAME)";
				SWIFT_EMIT_LOC_STRINGS = YES;
				SWIFT_VERSION = 5.0;
				TARGETED_DEVICE_FAMILY = "1,2";
			};
			name = Debug;
		};
		CA352E102C4793DE0058AB23 /* Release */ = {
			isa = XCBuildConfiguration;
			buildSettings = {
				ASSETCATALOG_COMPILER_APPICON_NAME = AppIcon;
				ASSETCATALOG_COMPILER_GLOBAL_ACCENT_COLOR_NAME = AccentColor;
				CODE_SIGN_STYLE = Automatic;
				CURRENT_PROJECT_VERSION = 1;
				GENERATE_INFOPLIST_FILE = YES;
				INFOPLIST_FILE = contactsApp3/Info.plist;
				INFOPLIST_KEY_UIApplicationSupportsIndirectInputEvents = YES;
				INFOPLIST_KEY_UILaunchStoryboardName = LaunchScreen;
				INFOPLIST_KEY_UISupportedInterfaceOrientations_iPad = "UIInterfaceOrientationPortrait UIInterfaceOrientationPortraitUpsideDown UIInterfaceOrientationLandscapeLeft UIInterfaceOrientationLandscapeRight";
				INFOPLIST_KEY_UISupportedInterfaceOrientations_iPhone = "UIInterfaceOrientationPortrait UIInterfaceOrientationLandscapeLeft UIInterfaceOrientationLandscapeRight";
				LD_RUNPATH_SEARCH_PATHS = (
					"$(inherited)",
					"@executable_path/Frameworks",
				);
				MARKETING_VERSION = 1.0;
				PRODUCT_BUNDLE_IDENTIFIER = com.Inu.contactsApp3;
				PRODUCT_NAME = "$(TARGET_NAME)";
				SWIFT_EMIT_LOC_STRINGS = YES;
				SWIFT_VERSION = 5.0;
				TARGETED_DEVICE_FAMILY = "1,2";
			};
			name = Release;
		};
/* End XCBuildConfiguration section */

/* Begin XCConfigurationList section */
		CA352DF22C4793DD0058AB23 /* Build configuration list for PBXProject "contactsApp3" */ = {
			isa = XCConfigurationList;
			buildConfigurations = (
				CA352E0C2C4793DE0058AB23 /* Debug */,
				CA352E0D2C4793DE0058AB23 /* Release */,
			);
			defaultConfigurationIsVisible = 0;
			defaultConfigurationName = Release;
		};
		CA352E0E2C4793DE0058AB23 /* Build configuration list for PBXNativeTarget "contactsApp3" */ = {
			isa = XCConfigurationList;
			buildConfigurations = (
				CA352E0F2C4793DE0058AB23 /* Debug */,
				CA352E102C4793DE0058AB23 /* Release */,
			);
			defaultConfigurationIsVisible = 0;
			defaultConfigurationName = Release;
		};
/* End XCConfigurationList section */

/* Begin XCVersionGroup section */
		CA352E032C4793DD0058AB23 /* contactsApp3.xcdatamodeld */ = {
			isa = XCVersionGroup;
			children = (
				CA352E042C4793DD0058AB23 /* contactsApp3.xcdatamodel */,
			);
			currentVersion = CA352E042C4793DD0058AB23 /* contactsApp3.xcdatamodel */;
			path = contactsApp3.xcdatamodeld;
			sourceTree = "<group>";
			versionGroupType = wrapper.xcdatamodel;
		};
/* End XCVersionGroup section */
	};
	rootObject = CA352DEF2C4793DD0058AB23 /* Project object */;
}
